// !$*UTF8*$!
{
	archiveVersion = 1;
	classes = {
	};
	objectVersion = 56;
	objects = {

/* Begin PBXBuildFile section */
		653585AA29387CE600F4A835 /* Stock_CalculatorApp.swift in Sources */ = {isa = PBXBuildFile; fileRef = 653585A929387CE600F4A835 /* Stock_CalculatorApp.swift */; };
		653585AC29387CE600F4A835 /* StockAverageCalculatorView.swift in Sources */ = {isa = PBXBuildFile; fileRef = 653585AB29387CE600F4A835 /* StockAverageCalculatorView.swift */; };
		653585AE29387CE700F4A835 /* Assets.xcassets in Resources */ = {isa = PBXBuildFile; fileRef = 653585AD29387CE700F4A835 /* Assets.xcassets */; };
		653585B129387CE700F4A835 /* Preview Assets.xcassets in Resources */ = {isa = PBXBuildFile; fileRef = 653585B029387CE700F4A835 /* Preview Assets.xcassets */; };
		653585BB29387CE700F4A835 /* Stock_CalculatorTests.swift in Sources */ = {isa = PBXBuildFile; fileRef = 653585BA29387CE700F4A835 /* Stock_CalculatorTests.swift */; };
		653585C529387CE700F4A835 /* Stock_CalculatorUITests.swift in Sources */ = {isa = PBXBuildFile; fileRef = 653585C429387CE700F4A835 /* Stock_CalculatorUITests.swift */; };
		653585C729387CE700F4A835 /* Stock_CalculatorUITestsLaunchTests.swift in Sources */ = {isa = PBXBuildFile; fileRef = 653585C629387CE700F4A835 /* Stock_CalculatorUITestsLaunchTests.swift */; };
		657B230E294E692A00E0CC9D /* ContentView.swift in Sources */ = {isa = PBXBuildFile; fileRef = 657B230D294E692A00E0CC9D /* ContentView.swift */; };
		657B2310294E6A2E00E0CC9D /* StockProfitCalculatorView.swift in Sources */ = {isa = PBXBuildFile; fileRef = 657B230F294E6A2E00E0CC9D /* StockProfitCalculatorView.swift */; };
/* End PBXBuildFile section */

/* Begin PBXContainerItemProxy section */
		653585B729387CE700F4A835 /* PBXContainerItemProxy */ = {
			isa = PBXContainerItemProxy;
			containerPortal = 6535859E29387CE600F4A835 /* Project object */;
			proxyType = 1;
			remoteGlobalIDString = 653585A529387CE600F4A835;
			remoteInfo = "Stock Calculator";
		};
		653585C129387CE700F4A835 /* PBXContainerItemProxy */ = {
			isa = PBXContainerItemProxy;
			containerPortal = 6535859E29387CE600F4A835 /* Project object */;
			proxyType = 1;
			remoteGlobalIDString = 653585A529387CE600F4A835;
			remoteInfo = "Stock Calculator";
		};
/* End PBXContainerItemProxy section */

/* Begin PBXFileReference section */
		653585A629387CE600F4A835 /* Stock Calculator.app */ = {isa = PBXFileReference; explicitFileType = wrapper.application; includeInIndex = 0; path = "Stock Calculator.app"; sourceTree = BUILT_PRODUCTS_DIR; };
		653585A929387CE600F4A835 /* Stock_CalculatorApp.swift */ = {isa = PBXFileReference; lastKnownFileType = sourcecode.swift; path = Stock_CalculatorApp.swift; sourceTree = "<group>"; };
		653585AB29387CE600F4A835 /* StockAverageCalculatorView.swift */ = {isa = PBXFileReference; lastKnownFileType = sourcecode.swift; path = StockAverageCalculatorView.swift; sourceTree = "<group>"; };
		653585AD29387CE700F4A835 /* Assets.xcassets */ = {isa = PBXFileReference; lastKnownFileType = folder.assetcatalog; path = Assets.xcassets; sourceTree = "<group>"; };
		653585B029387CE700F4A835 /* Preview Assets.xcassets */ = {isa = PBXFileReference; lastKnownFileType = folder.assetcatalog; path = "Preview Assets.xcassets"; sourceTree = "<group>"; };
		653585B629387CE700F4A835 /* Stock CalculatorTests.xctest */ = {isa = PBXFileReference; explicitFileType = wrapper.cfbundle; includeInIndex = 0; path = "Stock CalculatorTests.xctest"; sourceTree = BUILT_PRODUCTS_DIR; };
		653585BA29387CE700F4A835 /* Stock_CalculatorTests.swift */ = {isa = PBXFileReference; lastKnownFileType = sourcecode.swift; path = Stock_CalculatorTests.swift; sourceTree = "<group>"; };
		653585C029387CE700F4A835 /* Stock CalculatorUITests.xctest */ = {isa = PBXFileReference; explicitFileType = wrapper.cfbundle; includeInIndex = 0; path = "Stock CalculatorUITests.xctest"; sourceTree = BUILT_PRODUCTS_DIR; };
		653585C429387CE700F4A835 /* Stock_CalculatorUITests.swift */ = {isa = PBXFileReference; lastKnownFileType = sourcecode.swift; path = Stock_CalculatorUITests.swift; sourceTree = "<group>"; };
		653585C629387CE700F4A835 /* Stock_CalculatorUITestsLaunchTests.swift */ = {isa = PBXFileReference; lastKnownFileType = sourcecode.swift; path = Stock_CalculatorUITestsLaunchTests.swift; sourceTree = "<group>"; };
		657B230D294E692A00E0CC9D /* ContentView.swift */ = {isa = PBXFileReference; lastKnownFileType = sourcecode.swift; path = ContentView.swift; sourceTree = "<group>"; };
		657B230F294E6A2E00E0CC9D /* StockProfitCalculatorView.swift */ = {isa = PBXFileReference; lastKnownFileType = sourcecode.swift; path = StockProfitCalculatorView.swift; sourceTree = "<group>"; };
/* End PBXFileReference section */

/* Begin PBXFrameworksBuildPhase section */
		653585A329387CE600F4A835 /* Frameworks */ = {
			isa = PBXFrameworksBuildPhase;
			buildActionMask = 2147483647;
			files = (
			);
			runOnlyForDeploymentPostprocessing = 0;
		};
		653585B329387CE700F4A835 /* Frameworks */ = {
			isa = PBXFrameworksBuildPhase;
			buildActionMask = 2147483647;
			files = (
			);
			runOnlyForDeploymentPostprocessing = 0;
		};
		653585BD29387CE700F4A835 /* Frameworks */ = {
			isa = PBXFrameworksBuildPhase;
			buildActionMask = 2147483647;
			files = (
			);
			runOnlyForDeploymentPostprocessing = 0;
		};
/* End PBXFrameworksBuildPhase section */

/* Begin PBXGroup section */
		6535859D29387CE600F4A835 = {
			isa = PBXGroup;
			children = (
				653585A829387CE600F4A835 /* Stock Calculator */,
				653585B929387CE700F4A835 /* Stock CalculatorTests */,
				653585C329387CE700F4A835 /* Stock CalculatorUITests */,
				653585A729387CE600F4A835 /* Products */,
			);
			sourceTree = "<group>";
		};
		653585A729387CE600F4A835 /* Products */ = {
			isa = PBXGroup;
			children = (
				653585A629387CE600F4A835 /* Stock Calculator.app */,
				653585B629387CE700F4A835 /* Stock CalculatorTests.xctest */,
				653585C029387CE700F4A835 /* Stock CalculatorUITests.xctest */,
			);
			name = Products;
			sourceTree = "<group>";
		};
		653585A829387CE600F4A835 /* Stock Calculator */ = {
			isa = PBXGroup;
			children = (
				653585A929387CE600F4A835 /* Stock_CalculatorApp.swift */,
				657B230D294E692A00E0CC9D /* ContentView.swift */,
				653585AB29387CE600F4A835 /* StockAverageCalculatorView.swift */,
				653585AD29387CE700F4A835 /* Assets.xcassets */,
				653585AF29387CE700F4A835 /* Preview Content */,
				657B230F294E6A2E00E0CC9D /* StockProfitCalculatorView.swift */,
			);
			path = "Stock Calculator";
			sourceTree = "<group>";
		};
		653585AF29387CE700F4A835 /* Preview Content */ = {
			isa = PBXGroup;
			children = (
				653585B029387CE700F4A835 /* Preview Assets.xcassets */,
			);
			path = "Preview Content";
			sourceTree = "<group>";
		};
		653585B929387CE700F4A835 /* Stock CalculatorTests */ = {
			isa = PBXGroup;
			children = (
				653585BA29387CE700F4A835 /* Stock_CalculatorTests.swift */,
			);
			path = "Stock CalculatorTests";
			sourceTree = "<group>";
		};
		653585C329387CE700F4A835 /* Stock CalculatorUITests */ = {
			isa = PBXGroup;
			children = (
				653585C429387CE700F4A835 /* Stock_CalculatorUITests.swift */,
				653585C629387CE700F4A835 /* Stock_CalculatorUITestsLaunchTests.swift */,
			);
			path = "Stock CalculatorUITests";
			sourceTree = "<group>";
		};
/* End PBXGroup section */

/* Begin PBXNativeTarget section */
		653585A529387CE600F4A835 /* Stock Calculator */ = {
			isa = PBXNativeTarget;
			buildConfigurationList = 653585CA29387CE700F4A835 /* Build configuration list for PBXNativeTarget "Stock Calculator" */;
			buildPhases = (
				653585A229387CE600F4A835 /* Sources */,
				653585A329387CE600F4A835 /* Frameworks */,
				653585A429387CE600F4A835 /* Resources */,
			);
			buildRules = (
			);
			dependencies = (
			);
			name = "Stock Calculator";
			productName = "Stock Calculator";
			productReference = 653585A629387CE600F4A835 /* Stock Calculator.app */;
			productType = "com.apple.product-type.application";
		};
		653585B529387CE700F4A835 /* Stock CalculatorTests */ = {
			isa = PBXNativeTarget;
			buildConfigurationList = 653585CD29387CE700F4A835 /* Build configuration list for PBXNativeTarget "Stock CalculatorTests" */;
			buildPhases = (
				653585B229387CE700F4A835 /* Sources */,
				653585B329387CE700F4A835 /* Frameworks */,
				653585B429387CE700F4A835 /* Resources */,
			);
			buildRules = (
			);
			dependencies = (
				653585B829387CE700F4A835 /* PBXTargetDependency */,
			);
			name = "Stock CalculatorTests";
			productName = "Stock CalculatorTests";
			productReference = 653585B629387CE700F4A835 /* Stock CalculatorTests.xctest */;
			productType = "com.apple.product-type.bundle.unit-test";
		};
		653585BF29387CE700F4A835 /* Stock CalculatorUITests */ = {
			isa = PBXNativeTarget;
			buildConfigurationList = 653585D029387CE700F4A835 /* Build configuration list for PBXNativeTarget "Stock CalculatorUITests" */;
			buildPhases = (
				653585BC29387CE700F4A835 /* Sources */,
				653585BD29387CE700F4A835 /* Frameworks */,
				653585BE29387CE700F4A835 /* Resources */,
			);
			buildRules = (
			);
			dependencies = (
				653585C229387CE700F4A835 /* PBXTargetDependency */,
			);
			name = "Stock CalculatorUITests";
			productName = "Stock CalculatorUITests";
			productReference = 653585C029387CE700F4A835 /* Stock CalculatorUITests.xctest */;
			productType = "com.apple.product-type.bundle.ui-testing";
		};
/* End PBXNativeTarget section */

/* Begin PBXProject section */
		6535859E29387CE600F4A835 /* Project object */ = {
			isa = PBXProject;
			attributes = {
				BuildIndependentTargetsInParallel = 1;
				LastSwiftUpdateCheck = 1410;
				LastUpgradeCheck = 1410;
				TargetAttributes = {
					653585A529387CE600F4A835 = {
						CreatedOnToolsVersion = 14.1;
					};
					653585B529387CE700F4A835 = {
						CreatedOnToolsVersion = 14.1;
						TestTargetID = 653585A529387CE600F4A835;
					};
					653585BF29387CE700F4A835 = {
						CreatedOnToolsVersion = 14.1;
						TestTargetID = 653585A529387CE600F4A835;
					};
				};
			};
			buildConfigurationList = 653585A129387CE600F4A835 /* Build configuration list for PBXProject "Stock Calculator" */;
			compatibilityVersion = "Xcode 14.0";
			developmentRegion = en;
			hasScannedForEncodings = 0;
			knownRegions = (
				en,
				Base,
			);
			mainGroup = 6535859D29387CE600F4A835;
			productRefGroup = 653585A729387CE600F4A835 /* Products */;
			projectDirPath = "";
			projectRoot = "";
			targets = (
				653585A529387CE600F4A835 /* Stock Calculator */,
				653585B529387CE700F4A835 /* Stock CalculatorTests */,
				653585BF29387CE700F4A835 /* Stock CalculatorUITests */,
			);
		};
/* End PBXProject section */

/* Begin PBXResourcesBuildPhase section */
		653585A429387CE600F4A835 /* Resources */ = {
			isa = PBXResourcesBuildPhase;
			buildActionMask = 2147483647;
			files = (
				653585B129387CE700F4A835 /* Preview Assets.xcassets in Resources */,
				653585AE29387CE700F4A835 /* Assets.xcassets in Resources */,
			);
			runOnlyForDeploymentPostprocessing = 0;
		};
		653585B429387CE700F4A835 /* Resources */ = {
			isa = PBXResourcesBuildPhase;
			buildActionMask = 2147483647;
			files = (
			);
			runOnlyForDeploymentPostprocessing = 0;
		};
		653585BE29387CE700F4A835 /* Resources */ = {
			isa = PBXResourcesBuildPhase;
			buildActionMask = 2147483647;
			files = (
			);
			runOnlyForDeploymentPostprocessing = 0;
		};
/* End PBXResourcesBuildPhase section */

/* Begin PBXSourcesBuildPhase section */
		653585A229387CE600F4A835 /* Sources */ = {
			isa = PBXSourcesBuildPhase;
			buildActionMask = 2147483647;
			files = (
				653585AC29387CE600F4A835 /* StockAverageCalculatorView.swift in Sources */,
				653585AA29387CE600F4A835 /* Stock_CalculatorApp.swift in Sources */,
				657B230E294E692A00E0CC9D /* ContentView.swift in Sources */,
				657B2310294E6A2E00E0CC9D /* StockProfitCalculatorView.swift in Sources */,
			);
			runOnlyForDeploymentPostprocessing = 0;
		};
		653585B229387CE700F4A835 /* Sources */ = {
			isa = PBXSourcesBuildPhase;
			buildActionMask = 2147483647;
			files = (
				653585BB29387CE700F4A835 /* Stock_CalculatorTests.swift in Sources */,
			);
			runOnlyForDeploymentPostprocessing = 0;
		};
		653585BC29387CE700F4A835 /* Sources */ = {
			isa = PBXSourcesBuildPhase;
			buildActionMask = 2147483647;
			files = (
				653585C529387CE700F4A835 /* Stock_CalculatorUITests.swift in Sources */,
				653585C729387CE700F4A835 /* Stock_CalculatorUITestsLaunchTests.swift in Sources */,
			);
			runOnlyForDeploymentPostprocessing = 0;
		};
/* End PBXSourcesBuildPhase section */

/* Begin PBXTargetDependency section */
		653585B829387CE700F4A835 /* PBXTargetDependency */ = {
			isa = PBXTargetDependency;
			target = 653585A529387CE600F4A835 /* Stock Calculator */;
			targetProxy = 653585B729387CE700F4A835 /* PBXContainerItemProxy */;
		};
		653585C229387CE700F4A835 /* PBXTargetDependency */ = {
			isa = PBXTargetDependency;
			target = 653585A529387CE600F4A835 /* Stock Calculator */;
			targetProxy = 653585C129387CE700F4A835 /* PBXContainerItemProxy */;
		};
/* End PBXTargetDependency section */

/* Begin XCBuildConfiguration section */
		653585C829387CE700F4A835 /* Debug */ = {
			isa = XCBuildConfiguration;
			buildSettings = {
				ALWAYS_SEARCH_USER_PATHS = NO;
				CLANG_ANALYZER_NONNULL = YES;
				CLANG_ANALYZER_NUMBER_OBJECT_CONVERSION = YES_AGGRESSIVE;
				CLANG_CXX_LANGUAGE_STANDARD = "gnu++20";
				CLANG_ENABLE_MODULES = YES;
				CLANG_ENABLE_OBJC_ARC = YES;
				CLANG_ENABLE_OBJC_WEAK = YES;
				CLANG_WARN_BLOCK_CAPTURE_AUTORELEASING = YES;
				CLANG_WARN_BOOL_CONVERSION = YES;
				CLANG_WARN_COMMA = YES;
				CLANG_WARN_CONSTANT_CONVERSION = YES;
				CLANG_WARN_DEPRECATED_OBJC_IMPLEMENTATIONS = YES;
				CLANG_WARN_DIRECT_OBJC_ISA_USAGE = YES_ERROR;
				CLANG_WARN_DOCUMENTATION_COMMENTS = YES;
				CLANG_WARN_EMPTY_BODY = YES;
				CLANG_WARN_ENUM_CONVERSION = YES;
				CLANG_WARN_INFINITE_RECURSION = YES;
				CLANG_WARN_INT_CONVERSION = YES;
				CLANG_WARN_NON_LITERAL_NULL_CONVERSION = YES;
				CLANG_WARN_OBJC_IMPLICIT_RETAIN_SELF = YES;
				CLANG_WARN_OBJC_LITERAL_CONVERSION = YES;
				CLANG_WARN_OBJC_ROOT_CLASS = YES_ERROR;
				CLANG_WARN_QUOTED_INCLUDE_IN_FRAMEWORK_HEADER = YES;
				CLANG_WARN_RANGE_LOOP_ANALYSIS = YES;
				CLANG_WARN_STRICT_PROTOTYPES = YES;
				CLANG_WARN_SUSPICIOUS_MOVE = YES;
				CLANG_WARN_UNGUARDED_AVAILABILITY = YES_AGGRESSIVE;
				CLANG_WARN_UNREACHABLE_CODE = YES;
				CLANG_WARN__DUPLICATE_METHOD_MATCH = YES;
				COPY_PHASE_STRIP = NO;
				DEBUG_INFORMATION_FORMAT = dwarf;
				ENABLE_STRICT_OBJC_MSGSEND = YES;
				ENABLE_TESTABILITY = YES;
				GCC_C_LANGUAGE_STANDARD = gnu11;
				GCC_DYNAMIC_NO_PIC = NO;
				GCC_NO_COMMON_BLOCKS = YES;
				GCC_OPTIMIZATION_LEVEL = 0;
				GCC_PREPROCESSOR_DEFINITIONS = (
					"DEBUG=1",
					"$(inherited)",
				);
				GCC_WARN_64_TO_32_BIT_CONVERSION = YES;
				GCC_WARN_ABOUT_RETURN_TYPE = YES_ERROR;
				GCC_WARN_UNDECLARED_SELECTOR = YES;
				GCC_WARN_UNINITIALIZED_AUTOS = YES_AGGRESSIVE;
				GCC_WARN_UNUSED_FUNCTION = YES;
				GCC_WARN_UNUSED_VARIABLE = YES;
				IPHONEOS_DEPLOYMENT_TARGET = 16.1;
				MTL_ENABLE_DEBUG_INFO = INCLUDE_SOURCE;
				MTL_FAST_MATH = YES;
				ONLY_ACTIVE_ARCH = YES;
				SDKROOT = iphoneos;
				SWIFT_ACTIVE_COMPILATION_CONDITIONS = DEBUG;
				SWIFT_OPTIMIZATION_LEVEL = "-Onone";
			};
			name = Debug;
		};
		653585C929387CE700F4A835 /* Release */ = {
			isa = XCBuildConfiguration;
			buildSettings = {
				ALWAYS_SEARCH_USER_PATHS = NO;
				CLANG_ANALYZER_NONNULL = YES;
				CLANG_ANALYZER_NUMBER_OBJECT_CONVERSION = YES_AGGRESSIVE;
				CLANG_CXX_LANGUAGE_STANDARD = "gnu++20";
				CLANG_ENABLE_MODULES = YES;
				CLANG_ENABLE_OBJC_ARC = YES;
				CLANG_ENABLE_OBJC_WEAK = YES;
				CLANG_WARN_BLOCK_CAPTURE_AUTORELEASING = YES;
				CLANG_WARN_BOOL_CONVERSION = YES;
				CLANG_WARN_COMMA = YES;
				CLANG_WARN_CONSTANT_CONVERSION = YES;
				CLANG_WARN_DEPRECATED_OBJC_IMPLEMENTATIONS = YES;
				CLANG_WARN_DIRECT_OBJC_ISA_USAGE = YES_ERROR;
				CLANG_WARN_DOCUMENTATION_COMMENTS = YES;
				CLANG_WARN_EMPTY_BODY = YES;
				CLANG_WARN_ENUM_CONVERSION = YES;
				CLANG_WARN_INFINITE_RECURSION = YES;
				CLANG_WARN_INT_CONVERSION = YES;
				CLANG_WARN_NON_LITERAL_NULL_CONVERSION = YES;
				CLANG_WARN_OBJC_IMPLICIT_RETAIN_SELF = YES;
				CLANG_WARN_OBJC_LITERAL_CONVERSION = YES;
				CLANG_WARN_OBJC_ROOT_CLASS = YES_ERROR;
				CLANG_WARN_QUOTED_INCLUDE_IN_FRAMEWORK_HEADER = YES;
				CLANG_WARN_RANGE_LOOP_ANALYSIS = YES;
				CLANG_WARN_STRICT_PROTOTYPES = YES;
				CLANG_WARN_SUSPICIOUS_MOVE = YES;
				CLANG_WARN_UNGUARDED_AVAILABILITY = YES_AGGRESSIVE;
				CLANG_WARN_UNREACHABLE_CODE = YES;
				CLANG_WARN__DUPLICATE_METHOD_MATCH = YES;
				COPY_PHASE_STRIP = NO;
				DEBUG_INFORMATION_FORMAT = "dwarf-with-dsym";
				ENABLE_NS_ASSERTIONS = NO;
				ENABLE_STRICT_OBJC_MSGSEND = YES;
				GCC_C_LANGUAGE_STANDARD = gnu11;
				GCC_NO_COMMON_BLOCKS = YES;
				GCC_WARN_64_TO_32_BIT_CONVERSION = YES;
				GCC_WARN_ABOUT_RETURN_TYPE = YES_ERROR;
				GCC_WARN_UNDECLARED_SELECTOR = YES;
				GCC_WARN_UNINITIALIZED_AUTOS = YES_AGGRESSIVE;
				GCC_WARN_UNUSED_FUNCTION = YES;
				GCC_WARN_UNUSED_VARIABLE = YES;
				IPHONEOS_DEPLOYMENT_TARGET = 16.1;
				MTL_ENABLE_DEBUG_INFO = NO;
				MTL_FAST_MATH = YES;
				SDKROOT = iphoneos;
				SWIFT_COMPILATION_MODE = wholemodule;
				SWIFT_OPTIMIZATION_LEVEL = "-O";
				VALIDATE_PRODUCT = YES;
			};
			name = Release;
		};
		653585CB29387CE700F4A835 /* Debug */ = {
			isa = XCBuildConfiguration;
			buildSettings = {
				ASSETCATALOG_COMPILER_APPICON_NAME = AppIcon;
				ASSETCATALOG_COMPILER_GLOBAL_ACCENT_COLOR_NAME = AccentColor;
				CODE_SIGN_STYLE = Automatic;
				CURRENT_PROJECT_VERSION = 1;
				DEVELOPMENT_ASSET_PATHS = "\"Stock Calculator/Preview Content\"";
				DEVELOPMENT_TEAM = U7J6A6CHGG;
				ENABLE_PREVIEWS = YES;
				GENERATE_INFOPLIST_FILE = YES;
				INFOPLIST_KEY_UIApplicationSceneManifest_Generation = YES;
				INFOPLIST_KEY_UIApplicationSupportsIndirectInputEvents = YES;
				INFOPLIST_KEY_UILaunchScreen_Generation = YES;
				INFOPLIST_KEY_UISupportedInterfaceOrientations_iPad = "UIInterfaceOrientationPortrait UIInterfaceOrientationPortraitUpsideDown UIInterfaceOrientationLandscapeLeft UIInterfaceOrientationLandscapeRight";
				INFOPLIST_KEY_UISupportedInterfaceOrientations_iPhone = "UIInterfaceOrientationPortrait UIInterfaceOrientationLandscapeLeft UIInterfaceOrientationLandscapeRight";
				IPHONEOS_DEPLOYMENT_TARGET = 15.1;
				LD_RUNPATH_SEARCH_PATHS = (
					"$(inherited)",
					"@executable_path/Frameworks",
				);
				MARKETING_VERSION = 1.0;
				PRODUCT_BUNDLE_IDENTIFIER = "derekkim.Stock-Calculator";
				PRODUCT_NAME = "$(TARGET_NAME)";
				SWIFT_EMIT_LOC_STRINGS = YES;
				SWIFT_VERSION = 5.0;
				TARGETED_DEVICE_FAMILY = "1,2";
			};
			name = Debug;
		};
		653585CC29387CE700F4A835 /* Release */ = {
			isa = XCBuildConfiguration;
			buildSettings = {
				ASSETCATALOG_COMPILER_APPICON_NAME = AppIcon;
				ASSETCATALOG_COMPILER_GLOBAL_ACCENT_COLOR_NAME = AccentColor;
				CODE_SIGN_STYLE = Automatic;
				CURRENT_PROJECT_VERSION = 1;
				DEVELOPMENT_ASSET_PATHS = "\"Stock Calculator/Preview Content\"";
				DEVELOPMENT_TEAM = U7J6A6CHGG;
				ENABLE_PREVIEWS = YES;
				GENERATE_INFOPLIST_FILE = YES;
				INFOPLIST_KEY_UIApplicationSceneManifest_Generation = YES;
				INFOPLIST_KEY_UIApplicationSupportsIndirectInputEvents = YES;
				INFOPLIST_KEY_UILaunchScreen_Generation = YES;
				INFOPLIST_KEY_UISupportedInterfaceOrientations_iPad = "UIInterfaceOrientationPortrait UIInterfaceOrientationPortraitUpsideDown UIInterfaceOrientationLandscapeLeft UIInterfaceOrientationLandscapeRight";
				INFOPLIST_KEY_UISupportedInterfaceOrientations_iPhone = "UIInterfaceOrientationPortrait UIInterfaceOrientationLandscapeLeft UIInterfaceOrientationLandscapeRight";
				IPHONEOS_DEPLOYMENT_TARGET = 15.1;
				LD_RUNPATH_SEARCH_PATHS = (
					"$(inherited)",
					"@executable_path/Frameworks",
				);
				MARKETING_VERSION = 1.0;
				PRODUCT_BUNDLE_IDENTIFIER = "derekkim.Stock-Calculator";
				PRODUCT_NAME = "$(TARGET_NAME)";
				SWIFT_EMIT_LOC_STRINGS = YES;
				SWIFT_VERSION = 5.0;
				TARGETED_DEVICE_FAMILY = "1,2";
			};
			name = Release;
		};
		653585CE29387CE700F4A835 /* Debug */ = {
			isa = XCBuildConfiguration;
			buildSettings = {
				ALWAYS_EMBED_SWIFT_STANDARD_LIBRARIES = YES;
				BUNDLE_LOADER = "$(TEST_HOST)";
				CODE_SIGN_STYLE = Automatic;
				CURRENT_PROJECT_VERSION = 1;
				DEVELOPMENT_TEAM = U7J6A6CHGG;
				GENERATE_INFOPLIST_FILE = YES;
				IPHONEOS_DEPLOYMENT_TARGET = 16.1;
				MARKETING_VERSION = 1.0;
				PRODUCT_BUNDLE_IDENTIFIER = "derekkim.Stock-CalculatorTests";
				PRODUCT_NAME = "$(TARGET_NAME)";
				SWIFT_EMIT_LOC_STRINGS = NO;
				SWIFT_VERSION = 5.0;
				TARGETED_DEVICE_FAMILY = "1,2";
				TEST_HOST = "$(BUILT_PRODUCTS_DIR)/Stock Calculator.app/$(BUNDLE_EXECUTABLE_FOLDER_PATH)/Stock Calculator";
			};
			name = Debug;
		};
		653585CF29387CE700F4A835 /* Release */ = {
			isa = XCBuildConfiguration;
			buildSettings = {
				ALWAYS_EMBED_SWIFT_STANDARD_LIBRARIES = YES;
				BUNDLE_LOADER = "$(TEST_HOST)";
				CODE_SIGN_STYLE = Automatic;
				CURRENT_PROJECT_VERSION = 1;
				DEVELOPMENT_TEAM = U7J6A6CHGG;
				GENERATE_INFOPLIST_FILE = YES;
				IPHONEOS_DEPLOYMENT_TARGET = 16.1;
				MARKETING_VERSION = 1.0;
				PRODUCT_BUNDLE_IDENTIFIER = "derekkim.Stock-CalculatorTests";
				PRODUCT_NAME = "$(TARGET_NAME)";
				SWIFT_EMIT_LOC_STRINGS = NO;
				SWIFT_VERSION = 5.0;
				TARGETED_DEVICE_FAMILY = "1,2";
				TEST_HOST = "$(BUILT_PRODUCTS_DIR)/Stock Calculator.app/$(BUNDLE_EXECUTABLE_FOLDER_PATH)/Stock Calculator";
			};
			name = Release;
		};
		653585D129387CE700F4A835 /* Debug */ = {
			isa = XCBuildConfiguration;
			buildSettings = {
				ALWAYS_EMBED_SWIFT_STANDARD_LIBRARIES = YES;
				CODE_SIGN_STYLE = Automatic;
				CURRENT_PROJECT_VERSION = 1;
				DEVELOPMENT_TEAM = U7J6A6CHGG;
				GENERATE_INFOPLIST_FILE = YES;
				MARKETING_VERSION = 1.0;
				PRODUCT_BUNDLE_IDENTIFIER = "derekkim.Stock-CalculatorUITests";
				PRODUCT_NAME = "$(TARGET_NAME)";
				SWIFT_EMIT_LOC_STRINGS = NO;
				SWIFT_VERSION = 5.0;
				TARGETED_DEVICE_FAMILY = "1,2";
				TEST_TARGET_NAME = "Stock Calculator";
			};
			name = Debug;
		};
		653585D229387CE700F4A835 /* Release */ = {
			isa = XCBuildConfiguration;
			buildSettings = {
				ALWAYS_EMBED_SWIFT_STANDARD_LIBRARIES = YES;
				CODE_SIGN_STYLE = Automatic;
				CURRENT_PROJECT_VERSION = 1;
				DEVELOPMENT_TEAM = U7J6A6CHGG;
				GENERATE_INFOPLIST_FILE = YES;
				MARKETING_VERSION = 1.0;
				PRODUCT_BUNDLE_IDENTIFIER = "derekkim.Stock-CalculatorUITests";
				PRODUCT_NAME = "$(TARGET_NAME)";
				SWIFT_EMIT_LOC_STRINGS = NO;
				SWIFT_VERSION = 5.0;
				TARGETED_DEVICE_FAMILY = "1,2";
				TEST_TARGET_NAME = "Stock Calculator";
			};
			name = Release;
		};
/* End XCBuildConfiguration section */

/* Begin XCConfigurationList section */
		653585A129387CE600F4A835 /* Build configuration list for PBXProject "Stock Calculator" */ = {
			isa = XCConfigurationList;
			buildConfigurations = (
				653585C829387CE700F4A835 /* Debug */,
				653585C929387CE700F4A835 /* Release */,
			);
			defaultConfigurationIsVisible = 0;
			defaultConfigurationName = Release;
		};
		653585CA29387CE700F4A835 /* Build configuration list for PBXNativeTarget "Stock Calculator" */ = {
			isa = XCConfigurationList;
			buildConfigurations = (
				653585CB29387CE700F4A835 /* Debug */,
				653585CC29387CE700F4A835 /* Release */,
			);
			defaultConfigurationIsVisible = 0;
			defaultConfigurationName = Release;
		};
		653585CD29387CE700F4A835 /* Build configuration list for PBXNativeTarget "Stock CalculatorTests" */ = {
			isa = XCConfigurationList;
			buildConfigurations = (
				653585CE29387CE700F4A835 /* Debug */,
				653585CF29387CE700F4A835 /* Release */,
			);
			defaultConfigurationIsVisible = 0;
			defaultConfigurationName = Release;
		};
		653585D029387CE700F4A835 /* Build configuration list for PBXNativeTarget "Stock CalculatorUITests" */ = {
			isa = XCConfigurationList;
			buildConfigurations = (
				653585D129387CE700F4A835 /* Debug */,
				653585D229387CE700F4A835 /* Release */,
			);
			defaultConfigurationIsVisible = 0;
			defaultConfigurationName = Release;
		};
/* End XCConfigurationList section */
	};
	rootObject = 6535859E29387CE600F4A835 /* Project object */;
}
