// !$*UTF8*$!
{
	archiveVersion = 1;
	classes = {
	};
	objectVersion = 56;
	objects = {

/* Begin PBXBuildFile section */
		1DD0080C6DFF7EDE22425914 /* Pods_Stock_CalculatorTests.framework in Frameworks */ = {isa = PBXBuildFile; fileRef = 3BB1C81C52CE5E7EAB6D5DEA /* Pods_Stock_CalculatorTests.framework */; };
		45C3E23D4A0889BDEC09B737 /* Pods_Stock_Calculator.framework in Frameworks */ = {isa = PBXBuildFile; fileRef = 6C7543F50819DD2BFB36B103 /* Pods_Stock_Calculator.framework */; };
		6518B62B2990B3680010A8E9 /* StoreKit.framework in Frameworks */ = {isa = PBXBuildFile; fileRef = 6518B62A2990B3680010A8E9 /* StoreKit.framework */; };
		6518B62E2990B7CF0010A8E9 /* MyProductIdentifiers.swift in Sources */ = {isa = PBXBuildFile; fileRef = 6518B62D2990B7CF0010A8E9 /* MyProductIdentifiers.swift */; };
		6518B6302990B80B0010A8E9 /* TipStore.swift in Sources */ = {isa = PBXBuildFile; fileRef = 6518B62F2990B80B0010A8E9 /* TipStore.swift */; };
		6518B6322990B9600010A8E9 /* TipsView.swift in Sources */ = {isa = PBXBuildFile; fileRef = 6518B6312990B9600010A8E9 /* TipsView.swift */; };
		6518B6342990B98B0010A8E9 /* TipsItemView.swift in Sources */ = {isa = PBXBuildFile; fileRef = 6518B6332990B98B0010A8E9 /* TipsItemView.swift */; };
		6529E32D2990721F003DD27D /* GoogleMobileAds.swift in Sources */ = {isa = PBXBuildFile; fileRef = 6529E32C2990721F003DD27D /* GoogleMobileAds.swift */; };
		653585AA29387CE600F4A835 /* Stock_CalculatorApp.swift in Sources */ = {isa = PBXBuildFile; fileRef = 653585A929387CE600F4A835 /* Stock_CalculatorApp.swift */; };
		653585AC29387CE600F4A835 /* StockAverageCalculatorView.swift in Sources */ = {isa = PBXBuildFile; fileRef = 653585AB29387CE600F4A835 /* StockAverageCalculatorView.swift */; };
		653585AE29387CE700F4A835 /* Assets.xcassets in Resources */ = {isa = PBXBuildFile; fileRef = 653585AD29387CE700F4A835 /* Assets.xcassets */; };
		653585B129387CE700F4A835 /* Preview Assets.xcassets in Resources */ = {isa = PBXBuildFile; fileRef = 653585B029387CE700F4A835 /* Preview Assets.xcassets */; };
		653585BB29387CE700F4A835 /* Stock_CalculatorTests.swift in Sources */ = {isa = PBXBuildFile; fileRef = 653585BA29387CE700F4A835 /* Stock_CalculatorTests.swift */; };
		653585C529387CE700F4A835 /* Stock_CalculatorUITests.swift in Sources */ = {isa = PBXBuildFile; fileRef = 653585C429387CE700F4A835 /* Stock_CalculatorUITests.swift */; };
		653585C729387CE700F4A835 /* Stock_CalculatorUITestsLaunchTests.swift in Sources */ = {isa = PBXBuildFile; fileRef = 653585C629387CE700F4A835 /* Stock_CalculatorUITestsLaunchTests.swift */; };
		657B230E294E692A00E0CC9D /* ContentView.swift in Sources */ = {isa = PBXBuildFile; fileRef = 657B230D294E692A00E0CC9D /* ContentView.swift */; };
		657B2310294E6A2E00E0CC9D /* StockProfitCalculatorView.swift in Sources */ = {isa = PBXBuildFile; fileRef = 657B230F294E6A2E00E0CC9D /* StockProfitCalculatorView.swift */; };
		BECC104896B1188B59FA00BF /* Pods_Stock_Calculator_Stock_CalculatorUITests.framework in Frameworks */ = {isa = PBXBuildFile; fileRef = DA431A6F76B6A050550EF242 /* Pods_Stock_Calculator_Stock_CalculatorUITests.framework */; };
/* End PBXBuildFile section */

/* Begin PBXContainerItemProxy section */
		653585B729387CE700F4A835 /* PBXContainerItemProxy */ = {
			isa = PBXContainerItemProxy;
			containerPortal = 6535859E29387CE600F4A835 /* Project object */;
			proxyType = 1;
			remoteGlobalIDString = 653585A529387CE600F4A835;
			remoteInfo = "Stock Calculator";
		};
		653585C129387CE700F4A835 /* PBXContainerItemProxy */ = {
			isa = PBXContainerItemProxy;
			containerPortal = 6535859E29387CE600F4A835 /* Project object */;
			proxyType = 1;
			remoteGlobalIDString = 653585A529387CE600F4A835;
			remoteInfo = "Stock Calculator";
		};
/* End PBXContainerItemProxy section */

/* Begin PBXFileReference section */
		3BB1C81C52CE5E7EAB6D5DEA /* Pods_Stock_CalculatorTests.framework */ = {isa = PBXFileReference; explicitFileType = wrapper.framework; includeInIndex = 0; path = Pods_Stock_CalculatorTests.framework; sourceTree = BUILT_PRODUCTS_DIR; };
		3E04774186DDAAF02D30E33C /* Pods-Stock Calculator.release.xcconfig */ = {isa = PBXFileReference; includeInIndex = 1; lastKnownFileType = text.xcconfig; name = "Pods-Stock Calculator.release.xcconfig"; path = "Target Support Files/Pods-Stock Calculator/Pods-Stock Calculator.release.xcconfig"; sourceTree = "<group>"; };
		6518B62A2990B3680010A8E9 /* StoreKit.framework */ = {isa = PBXFileReference; lastKnownFileType = wrapper.framework; name = StoreKit.framework; path = System/Library/Frameworks/StoreKit.framework; sourceTree = SDKROOT; };
		6518B62C2990B3CC0010A8E9 /* MyTipsStoreKitConfiguration.storekit */ = {isa = PBXFileReference; lastKnownFileType = text; path = MyTipsStoreKitConfiguration.storekit; sourceTree = "<group>"; };
		6518B62D2990B7CF0010A8E9 /* MyProductIdentifiers.swift */ = {isa = PBXFileReference; lastKnownFileType = sourcecode.swift; path = MyProductIdentifiers.swift; sourceTree = "<group>"; };
		6518B62F2990B80B0010A8E9 /* TipStore.swift */ = {isa = PBXFileReference; lastKnownFileType = sourcecode.swift; path = TipStore.swift; sourceTree = "<group>"; };
		6518B6312990B9600010A8E9 /* TipsView.swift */ = {isa = PBXFileReference; lastKnownFileType = sourcecode.swift; path = TipsView.swift; sourceTree = "<group>"; };
		6518B6332990B98B0010A8E9 /* TipsItemView.swift */ = {isa = PBXFileReference; lastKnownFileType = sourcecode.swift; path = TipsItemView.swift; sourceTree = "<group>"; };
		6529E32C2990721F003DD27D /* GoogleMobileAds.swift */ = {isa = PBXFileReference; lastKnownFileType = sourcecode.swift; path = GoogleMobileAds.swift; sourceTree = "<group>"; };
		653585A629387CE600F4A835 /* Stock Calculator.app */ = {isa = PBXFileReference; explicitFileType = wrapper.application; includeInIndex = 0; path = "Stock Calculator.app"; sourceTree = BUILT_PRODUCTS_DIR; };
		653585A929387CE600F4A835 /* Stock_CalculatorApp.swift */ = {isa = PBXFileReference; lastKnownFileType = sourcecode.swift; path = Stock_CalculatorApp.swift; sourceTree = "<group>"; };
		653585AB29387CE600F4A835 /* StockAverageCalculatorView.swift */ = {isa = PBXFileReference; lastKnownFileType = sourcecode.swift; path = StockAverageCalculatorView.swift; sourceTree = "<group>"; };
		653585AD29387CE700F4A835 /* Assets.xcassets */ = {isa = PBXFileReference; lastKnownFileType = folder.assetcatalog; path = Assets.xcassets; sourceTree = "<group>"; };
		653585B029387CE700F4A835 /* Preview Assets.xcassets */ = {isa = PBXFileReference; lastKnownFileType = folder.assetcatalog; path = "Preview Assets.xcassets"; sourceTree = "<group>"; };
		653585B629387CE700F4A835 /* Stock CalculatorTests.xctest */ = {isa = PBXFileReference; explicitFileType = wrapper.cfbundle; includeInIndex = 0; path = "Stock CalculatorTests.xctest"; sourceTree = BUILT_PRODUCTS_DIR; };
		653585BA29387CE700F4A835 /* Stock_CalculatorTests.swift */ = {isa = PBXFileReference; lastKnownFileType = sourcecode.swift; path = Stock_CalculatorTests.swift; sourceTree = "<group>"; };
		653585C029387CE700F4A835 /* Stock CalculatorUITests.xctest */ = {isa = PBXFileReference; explicitFileType = wrapper.cfbundle; includeInIndex = 0; path = "Stock CalculatorUITests.xctest"; sourceTree = BUILT_PRODUCTS_DIR; };
		653585C429387CE700F4A835 /* Stock_CalculatorUITests.swift */ = {isa = PBXFileReference; lastKnownFileType = sourcecode.swift; path = Stock_CalculatorUITests.swift; sourceTree = "<group>"; };
		653585C629387CE700F4A835 /* Stock_CalculatorUITestsLaunchTests.swift */ = {isa = PBXFileReference; lastKnownFileType = sourcecode.swift; path = Stock_CalculatorUITestsLaunchTests.swift; sourceTree = "<group>"; };
		657B230D294E692A00E0CC9D /* ContentView.swift */ = {isa = PBXFileReference; lastKnownFileType = sourcecode.swift; path = ContentView.swift; sourceTree = "<group>"; };
		657B230F294E6A2E00E0CC9D /* StockProfitCalculatorView.swift */ = {isa = PBXFileReference; lastKnownFileType = sourcecode.swift; path = StockProfitCalculatorView.swift; sourceTree = "<group>"; };
		65E5CC41299074BC008B7B44 /* Stock-Calculator-Info.plist */ = {isa = PBXFileReference; lastKnownFileType = text.plist; path = "Stock-Calculator-Info.plist"; sourceTree = SOURCE_ROOT; };
		6C7543F50819DD2BFB36B103 /* Pods_Stock_Calculator.framework */ = {isa = PBXFileReference; explicitFileType = wrapper.framework; includeInIndex = 0; path = Pods_Stock_Calculator.framework; sourceTree = BUILT_PRODUCTS_DIR; };
		73750433CBA6A7C82B596A83 /* Pods-Stock CalculatorTests.debug.xcconfig */ = {isa = PBXFileReference; includeInIndex = 1; lastKnownFileType = text.xcconfig; name = "Pods-Stock CalculatorTests.debug.xcconfig"; path = "Target Support Files/Pods-Stock CalculatorTests/Pods-Stock CalculatorTests.debug.xcconfig"; sourceTree = "<group>"; };
		77531D66D51B1E7D4D61730A /* Pods-Stock Calculator-Stock CalculatorUITests.debug.xcconfig */ = {isa = PBXFileReference; includeInIndex = 1; lastKnownFileType = text.xcconfig; name = "Pods-Stock Calculator-Stock CalculatorUITests.debug.xcconfig"; path = "Target Support Files/Pods-Stock Calculator-Stock CalculatorUITests/Pods-Stock Calculator-Stock CalculatorUITests.debug.xcconfig"; sourceTree = "<group>"; };
		77E46B7D141F413522235E4B /* Pods-Stock Calculator.debug.xcconfig */ = {isa = PBXFileReference; includeInIndex = 1; lastKnownFileType = text.xcconfig; name = "Pods-Stock Calculator.debug.xcconfig"; path = "Target Support Files/Pods-Stock Calculator/Pods-Stock Calculator.debug.xcconfig"; sourceTree = "<group>"; };
		99C27F498A372980B1AE6746 /* Pods-Stock CalculatorTests.release.xcconfig */ = {isa = PBXFileReference; includeInIndex = 1; lastKnownFileType = text.xcconfig; name = "Pods-Stock CalculatorTests.release.xcconfig"; path = "Target Support Files/Pods-Stock CalculatorTests/Pods-Stock CalculatorTests.release.xcconfig"; sourceTree = "<group>"; };
		DA431A6F76B6A050550EF242 /* Pods_Stock_Calculator_Stock_CalculatorUITests.framework */ = {isa = PBXFileReference; explicitFileType = wrapper.framework; includeInIndex = 0; path = Pods_Stock_Calculator_Stock_CalculatorUITests.framework; sourceTree = BUILT_PRODUCTS_DIR; };
		EA3CDFCE83B5B7BE449D160A /* Pods-Stock Calculator-Stock CalculatorUITests.release.xcconfig */ = {isa = PBXFileReference; includeInIndex = 1; lastKnownFileType = text.xcconfig; name = "Pods-Stock Calculator-Stock CalculatorUITests.release.xcconfig"; path = "Target Support Files/Pods-Stock Calculator-Stock CalculatorUITests/Pods-Stock Calculator-Stock CalculatorUITests.release.xcconfig"; sourceTree = "<group>"; };
/* End PBXFileReference section */

/* Begin PBXFrameworksBuildPhase section */
		653585A329387CE600F4A835 /* Frameworks */ = {
			isa = PBXFrameworksBuildPhase;
			buildActionMask = 2147483647;
			files = (
				45C3E23D4A0889BDEC09B737 /* Pods_Stock_Calculator.framework in Frameworks */,
				6518B62B2990B3680010A8E9 /* StoreKit.framework in Frameworks */,
			);
			runOnlyForDeploymentPostprocessing = 0;
		};
		653585B329387CE700F4A835 /* Frameworks */ = {
			isa = PBXFrameworksBuildPhase;
			buildActionMask = 2147483647;
			files = (
				1DD0080C6DFF7EDE22425914 /* Pods_Stock_CalculatorTests.framework in Frameworks */,
			);
			runOnlyForDeploymentPostprocessing = 0;
		};
		653585BD29387CE700F4A835 /* Frameworks */ = {
			isa = PBXFrameworksBuildPhase;
			buildActionMask = 2147483647;
			files = (
				BECC104896B1188B59FA00BF /* Pods_Stock_Calculator_Stock_CalculatorUITests.framework in Frameworks */,
			);
			runOnlyForDeploymentPostprocessing = 0;
		};
/* End PBXFrameworksBuildPhase section */

/* Begin PBXGroup section */
		4A87A23403BE7A09108E5E6D /* Pods */ = {
			isa = PBXGroup;
			children = (
				77E46B7D141F413522235E4B /* Pods-Stock Calculator.debug.xcconfig */,
				3E04774186DDAAF02D30E33C /* Pods-Stock Calculator.release.xcconfig */,
				77531D66D51B1E7D4D61730A /* Pods-Stock Calculator-Stock CalculatorUITests.debug.xcconfig */,
				EA3CDFCE83B5B7BE449D160A /* Pods-Stock Calculator-Stock CalculatorUITests.release.xcconfig */,
				73750433CBA6A7C82B596A83 /* Pods-Stock CalculatorTests.debug.xcconfig */,
				99C27F498A372980B1AE6746 /* Pods-Stock CalculatorTests.release.xcconfig */,
			);
			path = Pods;
			sourceTree = "<group>";
		};
		6535859D29387CE600F4A835 = {
			isa = PBXGroup;
			children = (
				653585A829387CE600F4A835 /* Stock Calculator */,
				653585B929387CE700F4A835 /* Stock CalculatorTests */,
				653585C329387CE700F4A835 /* Stock CalculatorUITests */,
				653585A729387CE600F4A835 /* Products */,
				4A87A23403BE7A09108E5E6D /* Pods */,
				DFF01A07812C54B0DD9A00D2 /* Frameworks */,
			);
			sourceTree = "<group>";
		};
		653585A729387CE600F4A835 /* Products */ = {
			isa = PBXGroup;
			children = (
				653585A629387CE600F4A835 /* Stock Calculator.app */,
				653585B629387CE700F4A835 /* Stock CalculatorTests.xctest */,
				653585C029387CE700F4A835 /* Stock CalculatorUITests.xctest */,
			);
			name = Products;
			sourceTree = "<group>";
		};
		653585A829387CE600F4A835 /* Stock Calculator */ = {
			isa = PBXGroup;
			children = (
				65E5CC41299074BC008B7B44 /* Stock-Calculator-Info.plist */,
				653585A929387CE600F4A835 /* Stock_CalculatorApp.swift */,
				6518B62F2990B80B0010A8E9 /* TipStore.swift */,
				6518B6312990B9600010A8E9 /* TipsView.swift */,
				6518B6332990B98B0010A8E9 /* TipsItemView.swift */,
				657B230D294E692A00E0CC9D /* ContentView.swift */,
				653585AB29387CE600F4A835 /* StockAverageCalculatorView.swift */,
				6518B62C2990B3CC0010A8E9 /* MyTipsStoreKitConfiguration.storekit */,
				6518B62D2990B7CF0010A8E9 /* MyProductIdentifiers.swift */,
				657B230F294E6A2E00E0CC9D /* StockProfitCalculatorView.swift */,
				653585AD29387CE700F4A835 /* Assets.xcassets */,
				653585AF29387CE700F4A835 /* Preview Content */,
				6529E32C2990721F003DD27D /* GoogleMobileAds.swift */,
			);
			path = "Stock Calculator";
			sourceTree = "<group>";
		};
		653585AF29387CE700F4A835 /* Preview Content */ = {
			isa = PBXGroup;
			children = (
				653585B029387CE700F4A835 /* Preview Assets.xcassets */,
			);
			path = "Preview Content";
			sourceTree = "<group>";
		};
		653585B929387CE700F4A835 /* Stock CalculatorTests */ = {
			isa = PBXGroup;
			children = (
				653585BA29387CE700F4A835 /* Stock_CalculatorTests.swift */,
			);
			path = "Stock CalculatorTests";
			sourceTree = "<group>";
		};
		653585C329387CE700F4A835 /* Stock CalculatorUITests */ = {
			isa = PBXGroup;
			children = (
				653585C429387CE700F4A835 /* Stock_CalculatorUITests.swift */,
				653585C629387CE700F4A835 /* Stock_CalculatorUITestsLaunchTests.swift */,
			);
			path = "Stock CalculatorUITests";
			sourceTree = "<group>";
		};
		DFF01A07812C54B0DD9A00D2 /* Frameworks */ = {
			isa = PBXGroup;
			children = (
				6518B62A2990B3680010A8E9 /* StoreKit.framework */,
				6C7543F50819DD2BFB36B103 /* Pods_Stock_Calculator.framework */,
				DA431A6F76B6A050550EF242 /* Pods_Stock_Calculator_Stock_CalculatorUITests.framework */,
				3BB1C81C52CE5E7EAB6D5DEA /* Pods_Stock_CalculatorTests.framework */,
			);
			name = Frameworks;
			sourceTree = "<group>";
		};
/* End PBXGroup section */

/* Begin PBXNativeTarget section */
		653585A529387CE600F4A835 /* Stock Calculator */ = {
			isa = PBXNativeTarget;
			buildConfigurationList = 653585CA29387CE700F4A835 /* Build configuration list for PBXNativeTarget "Stock Calculator" */;
			buildPhases = (
				C31A526CDCC4C56C12AE69BB /* [CP] Check Pods Manifest.lock */,
				653585A229387CE600F4A835 /* Sources */,
				653585A329387CE600F4A835 /* Frameworks */,
				653585A429387CE600F4A835 /* Resources */,
				CE6E2F427DF93735B0413B16 /* [CP] Embed Pods Frameworks */,
			);
			buildRules = (
			);
			dependencies = (
			);
			name = "Stock Calculator";
			productName = "Stock Calculator";
			productReference = 653585A629387CE600F4A835 /* Stock Calculator.app */;
			productType = "com.apple.product-type.application";
		};
		653585B529387CE700F4A835 /* Stock CalculatorTests */ = {
			isa = PBXNativeTarget;
			buildConfigurationList = 653585CD29387CE700F4A835 /* Build configuration list for PBXNativeTarget "Stock CalculatorTests" */;
			buildPhases = (
				0E84A565F631E797D9E7B97C /* [CP] Check Pods Manifest.lock */,
				653585B229387CE700F4A835 /* Sources */,
				653585B329387CE700F4A835 /* Frameworks */,
				653585B429387CE700F4A835 /* Resources */,
			);
			buildRules = (
			);
			dependencies = (
				653585B829387CE700F4A835 /* PBXTargetDependency */,
			);
			name = "Stock CalculatorTests";
			productName = "Stock CalculatorTests";
			productReference = 653585B629387CE700F4A835 /* Stock CalculatorTests.xctest */;
			productType = "com.apple.product-type.bundle.unit-test";
		};
		653585BF29387CE700F4A835 /* Stock CalculatorUITests */ = {
			isa = PBXNativeTarget;
			buildConfigurationList = 653585D029387CE700F4A835 /* Build configuration list for PBXNativeTarget "Stock CalculatorUITests" */;
			buildPhases = (
				2CB389A798FDDC5E3A96E163 /* [CP] Check Pods Manifest.lock */,
				653585BC29387CE700F4A835 /* Sources */,
				653585BD29387CE700F4A835 /* Frameworks */,
				653585BE29387CE700F4A835 /* Resources */,
				2457F7FBDD84B19B95B7FE64 /* [CP] Embed Pods Frameworks */,
			);
			buildRules = (
			);
			dependencies = (
				653585C229387CE700F4A835 /* PBXTargetDependency */,
			);
			name = "Stock CalculatorUITests";
			productName = "Stock CalculatorUITests";
			productReference = 653585C029387CE700F4A835 /* Stock CalculatorUITests.xctest */;
			productType = "com.apple.product-type.bundle.ui-testing";
		};
/* End PBXNativeTarget section */

/* Begin PBXProject section */
		6535859E29387CE600F4A835 /* Project object */ = {
			isa = PBXProject;
			attributes = {
				BuildIndependentTargetsInParallel = 1;
				LastSwiftUpdateCheck = 1410;
				LastUpgradeCheck = 1410;
				TargetAttributes = {
					653585A529387CE600F4A835 = {
						CreatedOnToolsVersion = 14.1;
					};
					653585B529387CE700F4A835 = {
						CreatedOnToolsVersion = 14.1;
						TestTargetID = 653585A529387CE600F4A835;
					};
					653585BF29387CE700F4A835 = {
						CreatedOnToolsVersion = 14.1;
						TestTargetID = 653585A529387CE600F4A835;
					};
				};
			};
			buildConfigurationList = 653585A129387CE600F4A835 /* Build configuration list for PBXProject "Stock Calculator" */;
			compatibilityVersion = "Xcode 14.0";
			developmentRegion = en;
			hasScannedForEncodings = 0;
			knownRegions = (
				en,
				Base,
			);
			mainGroup = 6535859D29387CE600F4A835;
			productRefGroup = 653585A729387CE600F4A835 /* Products */;
			projectDirPath = "";
			projectRoot = "";
			targets = (
				653585A529387CE600F4A835 /* Stock Calculator */,
				653585B529387CE700F4A835 /* Stock CalculatorTests */,
				653585BF29387CE700F4A835 /* Stock CalculatorUITests */,
			);
		};
/* End PBXProject section */

/* Begin PBXResourcesBuildPhase section */
		653585A429387CE600F4A835 /* Resources */ = {
			isa = PBXResourcesBuildPhase;
			buildActionMask = 2147483647;
			files = (
				653585B129387CE700F4A835 /* Preview Assets.xcassets in Resources */,
				653585AE29387CE700F4A835 /* Assets.xcassets in Resources */,
			);
			runOnlyForDeploymentPostprocessing = 0;
		};
		653585B429387CE700F4A835 /* Resources */ = {
			isa = PBXResourcesBuildPhase;
			buildActionMask = 2147483647;
			files = (
			);
			runOnlyForDeploymentPostprocessing = 0;
		};
		653585BE29387CE700F4A835 /* Resources */ = {
			isa = PBXResourcesBuildPhase;
			buildActionMask = 2147483647;
			files = (
			);
			runOnlyForDeploymentPostprocessing = 0;
		};
/* End PBXResourcesBuildPhase section */

/* Begin PBXShellScriptBuildPhase section */
		0E84A565F631E797D9E7B97C /* [CP] Check Pods Manifest.lock */ = {
			isa = PBXShellScriptBuildPhase;
			buildActionMask = 2147483647;
			files = (
			);
			inputFileListPaths = (
			);
			inputPaths = (
				"${PODS_PODFILE_DIR_PATH}/Podfile.lock",
				"${PODS_ROOT}/Manifest.lock",
			);
			name = "[CP] Check Pods Manifest.lock";
			outputFileListPaths = (
			);
			outputPaths = (
				"$(DERIVED_FILE_DIR)/Pods-Stock CalculatorTests-checkManifestLockResult.txt",
			);
			runOnlyForDeploymentPostprocessing = 0;
			shellPath = /bin/sh;
			shellScript = "diff \"${PODS_PODFILE_DIR_PATH}/Podfile.lock\" \"${PODS_ROOT}/Manifest.lock\" > /dev/null\nif [ $? != 0 ] ; then\n    # print error to STDERR\n    echo \"error: The sandbox is not in sync with the Podfile.lock. Run 'pod install' or update your CocoaPods installation.\" >&2\n    exit 1\nfi\n# This output is used by Xcode 'outputs' to avoid re-running this script phase.\necho \"SUCCESS\" > \"${SCRIPT_OUTPUT_FILE_0}\"\n";
			showEnvVarsInLog = 0;
		};
		2457F7FBDD84B19B95B7FE64 /* [CP] Embed Pods Frameworks */ = {
			isa = PBXShellScriptBuildPhase;
			buildActionMask = 2147483647;
			files = (
			);
			inputFileListPaths = (
				"${PODS_ROOT}/Target Support Files/Pods-Stock Calculator-Stock CalculatorUITests/Pods-Stock Calculator-Stock CalculatorUITests-frameworks-${CONFIGURATION}-input-files.xcfilelist",
			);
			name = "[CP] Embed Pods Frameworks";
			outputFileListPaths = (
				"${PODS_ROOT}/Target Support Files/Pods-Stock Calculator-Stock CalculatorUITests/Pods-Stock Calculator-Stock CalculatorUITests-frameworks-${CONFIGURATION}-output-files.xcfilelist",
			);
			runOnlyForDeploymentPostprocessing = 0;
			shellPath = /bin/sh;
			shellScript = "\"${PODS_ROOT}/Target Support Files/Pods-Stock Calculator-Stock CalculatorUITests/Pods-Stock Calculator-Stock CalculatorUITests-frameworks.sh\"\n";
			showEnvVarsInLog = 0;
		};
		2CB389A798FDDC5E3A96E163 /* [CP] Check Pods Manifest.lock */ = {
			isa = PBXShellScriptBuildPhase;
			buildActionMask = 2147483647;
			files = (
			);
			inputFileListPaths = (
			);
			inputPaths = (
				"${PODS_PODFILE_DIR_PATH}/Podfile.lock",
				"${PODS_ROOT}/Manifest.lock",
			);
			name = "[CP] Check Pods Manifest.lock";
			outputFileListPaths = (
			);
			outputPaths = (
				"$(DERIVED_FILE_DIR)/Pods-Stock Calculator-Stock CalculatorUITests-checkManifestLockResult.txt",
			);
			runOnlyForDeploymentPostprocessing = 0;
			shellPath = /bin/sh;
			shellScript = "diff \"${PODS_PODFILE_DIR_PATH}/Podfile.lock\" \"${PODS_ROOT}/Manifest.lock\" > /dev/null\nif [ $? != 0 ] ; then\n    # print error to STDERR\n    echo \"error: The sandbox is not in sync with the Podfile.lock. Run 'pod install' or update your CocoaPods installation.\" >&2\n    exit 1\nfi\n# This output is used by Xcode 'outputs' to avoid re-running this script phase.\necho \"SUCCESS\" > \"${SCRIPT_OUTPUT_FILE_0}\"\n";
			showEnvVarsInLog = 0;
		};
		C31A526CDCC4C56C12AE69BB /* [CP] Check Pods Manifest.lock */ = {
			isa = PBXShellScriptBuildPhase;
			buildActionMask = 2147483647;
			files = (
			);
			inputFileListPaths = (
			);
			inputPaths = (
				"${PODS_PODFILE_DIR_PATH}/Podfile.lock",
				"${PODS_ROOT}/Manifest.lock",
			);
			name = "[CP] Check Pods Manifest.lock";
			outputFileListPaths = (
			);
			outputPaths = (
				"$(DERIVED_FILE_DIR)/Pods-Stock Calculator-checkManifestLockResult.txt",
			);
			runOnlyForDeploymentPostprocessing = 0;
			shellPath = /bin/sh;
			shellScript = "diff \"${PODS_PODFILE_DIR_PATH}/Podfile.lock\" \"${PODS_ROOT}/Manifest.lock\" > /dev/null\nif [ $? != 0 ] ; then\n    # print error to STDERR\n    echo \"error: The sandbox is not in sync with the Podfile.lock. Run 'pod install' or update your CocoaPods installation.\" >&2\n    exit 1\nfi\n# This output is used by Xcode 'outputs' to avoid re-running this script phase.\necho \"SUCCESS\" > \"${SCRIPT_OUTPUT_FILE_0}\"\n";
			showEnvVarsInLog = 0;
		};
		CE6E2F427DF93735B0413B16 /* [CP] Embed Pods Frameworks */ = {
			isa = PBXShellScriptBuildPhase;
			buildActionMask = 2147483647;
			files = (
			);
			inputFileListPaths = (
				"${PODS_ROOT}/Target Support Files/Pods-Stock Calculator/Pods-Stock Calculator-frameworks-${CONFIGURATION}-input-files.xcfilelist",
			);
			name = "[CP] Embed Pods Frameworks";
			outputFileListPaths = (
				"${PODS_ROOT}/Target Support Files/Pods-Stock Calculator/Pods-Stock Calculator-frameworks-${CONFIGURATION}-output-files.xcfilelist",
			);
			runOnlyForDeploymentPostprocessing = 0;
			shellPath = /bin/sh;
			shellScript = "\"${PODS_ROOT}/Target Support Files/Pods-Stock Calculator/Pods-Stock Calculator-frameworks.sh\"\n";
			showEnvVarsInLog = 0;
		};
/* End PBXShellScriptBuildPhase section */

/* Begin PBXSourcesBuildPhase section */
		653585A229387CE600F4A835 /* Sources */ = {
			isa = PBXSourcesBuildPhase;
			buildActionMask = 2147483647;
			files = (
				6518B6342990B98B0010A8E9 /* TipsItemView.swift in Sources */,
				653585AC29387CE600F4A835 /* StockAverageCalculatorView.swift in Sources */,
				653585AA29387CE600F4A835 /* Stock_CalculatorApp.swift in Sources */,
				657B230E294E692A00E0CC9D /* ContentView.swift in Sources */,
				6529E32D2990721F003DD27D /* GoogleMobileAds.swift in Sources */,
				6518B6322990B9600010A8E9 /* TipsView.swift in Sources */,
				6518B62E2990B7CF0010A8E9 /* MyProductIdentifiers.swift in Sources */,
				657B2310294E6A2E00E0CC9D /* StockProfitCalculatorView.swift in Sources */,
				6518B6302990B80B0010A8E9 /* TipStore.swift in Sources */,
			);
			runOnlyForDeploymentPostprocessing = 0;
		};
		653585B229387CE700F4A835 /* Sources */ = {
			isa = PBXSourcesBuildPhase;
			buildActionMask = 2147483647;
			files = (
				653585BB29387CE700F4A835 /* Stock_CalculatorTests.swift in Sources */,
			);
			runOnlyForDeploymentPostprocessing = 0;
		};
		653585BC29387CE700F4A835 /* Sources */ = {
			isa = PBXSourcesBuildPhase;
			buildActionMask = 2147483647;
			files = (
				653585C529387CE700F4A835 /* Stock_CalculatorUITests.swift in Sources */,
				653585C729387CE700F4A835 /* Stock_CalculatorUITestsLaunchTests.swift in Sources */,
			);
			runOnlyForDeploymentPostprocessing = 0;
		};
/* End PBXSourcesBuildPhase section */

/* Begin PBXTargetDependency section */
		653585B829387CE700F4A835 /* PBXTargetDependency */ = {
			isa = PBXTargetDependency;
			target = 653585A529387CE600F4A835 /* Stock Calculator */;
			targetProxy = 653585B729387CE700F4A835 /* PBXContainerItemProxy */;
		};
		653585C229387CE700F4A835 /* PBXTargetDependency */ = {
			isa = PBXTargetDependency;
			target = 653585A529387CE600F4A835 /* Stock Calculator */;
			targetProxy = 653585C129387CE700F4A835 /* PBXContainerItemProxy */;
		};
/* End PBXTargetDependency section */

/* Begin XCBuildConfiguration section */
		653585C829387CE700F4A835 /* Debug */ = {
			isa = XCBuildConfiguration;
			buildSettings = {
				ALWAYS_SEARCH_USER_PATHS = NO;
				CLANG_ANALYZER_NONNULL = YES;
				CLANG_ANALYZER_NUMBER_OBJECT_CONVERSION = YES_AGGRESSIVE;
				CLANG_CXX_LANGUAGE_STANDARD = "gnu++20";
				CLANG_ENABLE_MODULES = YES;
				CLANG_ENABLE_OBJC_ARC = YES;
				CLANG_ENABLE_OBJC_WEAK = YES;
				CLANG_WARN_BLOCK_CAPTURE_AUTORELEASING = YES;
				CLANG_WARN_BOOL_CONVERSION = YES;
				CLANG_WARN_COMMA = YES;
				CLANG_WARN_CONSTANT_CONVERSION = YES;
				CLANG_WARN_DEPRECATED_OBJC_IMPLEMENTATIONS = YES;
				CLANG_WARN_DIRECT_OBJC_ISA_USAGE = YES_ERROR;
				CLANG_WARN_DOCUMENTATION_COMMENTS = YES;
				CLANG_WARN_EMPTY_BODY = YES;
				CLANG_WARN_ENUM_CONVERSION = YES;
				CLANG_WARN_INFINITE_RECURSION = YES;
				CLANG_WARN_INT_CONVERSION = YES;
				CLANG_WARN_NON_LITERAL_NULL_CONVERSION = YES;
				CLANG_WARN_OBJC_IMPLICIT_RETAIN_SELF = YES;
				CLANG_WARN_OBJC_LITERAL_CONVERSION = YES;
				CLANG_WARN_OBJC_ROOT_CLASS = YES_ERROR;
				CLANG_WARN_QUOTED_INCLUDE_IN_FRAMEWORK_HEADER = YES;
				CLANG_WARN_RANGE_LOOP_ANALYSIS = YES;
				CLANG_WARN_STRICT_PROTOTYPES = YES;
				CLANG_WARN_SUSPICIOUS_MOVE = YES;
				CLANG_WARN_UNGUARDED_AVAILABILITY = YES_AGGRESSIVE;
				CLANG_WARN_UNREACHABLE_CODE = YES;
				CLANG_WARN__DUPLICATE_METHOD_MATCH = YES;
				COPY_PHASE_STRIP = NO;
				DEBUG_INFORMATION_FORMAT = dwarf;
				ENABLE_STRICT_OBJC_MSGSEND = YES;
				ENABLE_TESTABILITY = YES;
				GCC_C_LANGUAGE_STANDARD = gnu11;
				GCC_DYNAMIC_NO_PIC = NO;
				GCC_NO_COMMON_BLOCKS = YES;
				GCC_OPTIMIZATION_LEVEL = 0;
				GCC_PREPROCESSOR_DEFINITIONS = (
					"DEBUG=1",
					"$(inherited)",
				);
				GCC_WARN_64_TO_32_BIT_CONVERSION = YES;
				GCC_WARN_ABOUT_RETURN_TYPE = YES_ERROR;
				GCC_WARN_UNDECLARED_SELECTOR = YES;
				GCC_WARN_UNINITIALIZED_AUTOS = YES_AGGRESSIVE;
				GCC_WARN_UNUSED_FUNCTION = YES;
				GCC_WARN_UNUSED_VARIABLE = YES;
				IPHONEOS_DEPLOYMENT_TARGET = 16.1;
				MTL_ENABLE_DEBUG_INFO = INCLUDE_SOURCE;
				MTL_FAST_MATH = YES;
				ONLY_ACTIVE_ARCH = YES;
				SDKROOT = iphoneos;
				SWIFT_ACTIVE_COMPILATION_CONDITIONS = DEBUG;
				SWIFT_OPTIMIZATION_LEVEL = "-Onone";
			};
			name = Debug;
		};
		653585C929387CE700F4A835 /* Release */ = {
			isa = XCBuildConfiguration;
			buildSettings = {
				ALWAYS_SEARCH_USER_PATHS = NO;
				CLANG_ANALYZER_NONNULL = YES;
				CLANG_ANALYZER_NUMBER_OBJECT_CONVERSION = YES_AGGRESSIVE;
				CLANG_CXX_LANGUAGE_STANDARD = "gnu++20";
				CLANG_ENABLE_MODULES = YES;
				CLANG_ENABLE_OBJC_ARC = YES;
				CLANG_ENABLE_OBJC_WEAK = YES;
				CLANG_WARN_BLOCK_CAPTURE_AUTORELEASING = YES;
				CLANG_WARN_BOOL_CONVERSION = YES;
				CLANG_WARN_COMMA = YES;
				CLANG_WARN_CONSTANT_CONVERSION = YES;
				CLANG_WARN_DEPRECATED_OBJC_IMPLEMENTATIONS = YES;
				CLANG_WARN_DIRECT_OBJC_ISA_USAGE = YES_ERROR;
				CLANG_WARN_DOCUMENTATION_COMMENTS = YES;
				CLANG_WARN_EMPTY_BODY = YES;
				CLANG_WARN_ENUM_CONVERSION = YES;
				CLANG_WARN_INFINITE_RECURSION = YES;
				CLANG_WARN_INT_CONVERSION = YES;
				CLANG_WARN_NON_LITERAL_NULL_CONVERSION = YES;
				CLANG_WARN_OBJC_IMPLICIT_RETAIN_SELF = YES;
				CLANG_WARN_OBJC_LITERAL_CONVERSION = YES;
				CLANG_WARN_OBJC_ROOT_CLASS = YES_ERROR;
				CLANG_WARN_QUOTED_INCLUDE_IN_FRAMEWORK_HEADER = YES;
				CLANG_WARN_RANGE_LOOP_ANALYSIS = YES;
				CLANG_WARN_STRICT_PROTOTYPES = YES;
				CLANG_WARN_SUSPICIOUS_MOVE = YES;
				CLANG_WARN_UNGUARDED_AVAILABILITY = YES_AGGRESSIVE;
				CLANG_WARN_UNREACHABLE_CODE = YES;
				CLANG_WARN__DUPLICATE_METHOD_MATCH = YES;
				COPY_PHASE_STRIP = NO;
				DEBUG_INFORMATION_FORMAT = "dwarf-with-dsym";
				ENABLE_NS_ASSERTIONS = NO;
				ENABLE_STRICT_OBJC_MSGSEND = YES;
				GCC_C_LANGUAGE_STANDARD = gnu11;
				GCC_NO_COMMON_BLOCKS = YES;
				GCC_WARN_64_TO_32_BIT_CONVERSION = YES;
				GCC_WARN_ABOUT_RETURN_TYPE = YES_ERROR;
				GCC_WARN_UNDECLARED_SELECTOR = YES;
				GCC_WARN_UNINITIALIZED_AUTOS = YES_AGGRESSIVE;
				GCC_WARN_UNUSED_FUNCTION = YES;
				GCC_WARN_UNUSED_VARIABLE = YES;
				IPHONEOS_DEPLOYMENT_TARGET = 16.1;
				MTL_ENABLE_DEBUG_INFO = NO;
				MTL_FAST_MATH = YES;
				SDKROOT = iphoneos;
				SWIFT_COMPILATION_MODE = wholemodule;
				SWIFT_OPTIMIZATION_LEVEL = "-O";
				VALIDATE_PRODUCT = YES;
			};
			name = Release;
		};
		653585CB29387CE700F4A835 /* Debug */ = {
			isa = XCBuildConfiguration;
			baseConfigurationReference = 77E46B7D141F413522235E4B /* Pods-Stock Calculator.debug.xcconfig */;
			buildSettings = {
				ASSETCATALOG_COMPILER_APPICON_NAME = AppIcon;
				ASSETCATALOG_COMPILER_GLOBAL_ACCENT_COLOR_NAME = AccentColor;
				CODE_SIGN_STYLE = Automatic;
				CURRENT_PROJECT_VERSION = 1;
				DEVELOPMENT_ASSET_PATHS = "\"Stock Calculator/Preview Content\"";
				DEVELOPMENT_TEAM = U7J6A6CHGG;
				ENABLE_PREVIEWS = YES;
				GENERATE_INFOPLIST_FILE = YES;
				INFOPLIST_FILE = "Stock-Calculator-Info.plist";
				INFOPLIST_KEY_UIApplicationSceneManifest_Generation = YES;
				INFOPLIST_KEY_UIApplicationSupportsIndirectInputEvents = YES;
				INFOPLIST_KEY_UILaunchScreen_Generation = YES;
				INFOPLIST_KEY_UISupportedInterfaceOrientations_iPad = "UIInterfaceOrientationPortrait UIInterfaceOrientationPortraitUpsideDown UIInterfaceOrientationLandscapeLeft UIInterfaceOrientationLandscapeRight";
				INFOPLIST_KEY_UISupportedInterfaceOrientations_iPhone = "UIInterfaceOrientationPortrait UIInterfaceOrientationLandscapeLeft UIInterfaceOrientationLandscapeRight";
				IPHONEOS_DEPLOYMENT_TARGET = 15.1;
				LD_RUNPATH_SEARCH_PATHS = (
					"$(inherited)",
					"@executable_path/Frameworks",
				);
				MARKETING_VERSION = 1.0;
				PRODUCT_BUNDLE_IDENTIFIER = "derekkim.Stock-Calculator";
				PRODUCT_NAME = "$(TARGET_NAME)";
				SWIFT_EMIT_LOC_STRINGS = YES;
				SWIFT_VERSION = 5.0;
				TARGETED_DEVICE_FAMILY = "1,2";
			};
			name = Debug;
		};
		653585CC29387CE700F4A835 /* Release */ = {
			isa = XCBuildConfiguration;
			baseConfigurationReference = 3E04774186DDAAF02D30E33C /* Pods-Stock Calculator.release.xcconfig */;
			buildSettings = {
				ASSETCATALOG_COMPILER_APPICON_NAME = AppIcon;
				ASSETCATALOG_COMPILER_GLOBAL_ACCENT_COLOR_NAME = AccentColor;
				CODE_SIGN_STYLE = Automatic;
				CURRENT_PROJECT_VERSION = 1;
				DEVELOPMENT_ASSET_PATHS = "\"Stock Calculator/Preview Content\"";
				DEVELOPMENT_TEAM = U7J6A6CHGG;
				ENABLE_PREVIEWS = YES;
				GENERATE_INFOPLIST_FILE = YES;
				INFOPLIST_FILE = "Stock-Calculator-Info.plist";
				INFOPLIST_KEY_UIApplicationSceneManifest_Generation = YES;
				INFOPLIST_KEY_UIApplicationSupportsIndirectInputEvents = YES;
				INFOPLIST_KEY_UILaunchScreen_Generation = YES;
				INFOPLIST_KEY_UISupportedInterfaceOrientations_iPad = "UIInterfaceOrientationPortrait UIInterfaceOrientationPortraitUpsideDown UIInterfaceOrientationLandscapeLeft UIInterfaceOrientationLandscapeRight";
				INFOPLIST_KEY_UISupportedInterfaceOrientations_iPhone = "UIInterfaceOrientationPortrait UIInterfaceOrientationLandscapeLeft UIInterfaceOrientationLandscapeRight";
				IPHONEOS_DEPLOYMENT_TARGET = 15.1;
				LD_RUNPATH_SEARCH_PATHS = (
					"$(inherited)",
					"@executable_path/Frameworks",
				);
				MARKETING_VERSION = 1.0;
				PRODUCT_BUNDLE_IDENTIFIER = "derekkim.Stock-Calculator";
				PRODUCT_NAME = "$(TARGET_NAME)";
				SWIFT_EMIT_LOC_STRINGS = YES;
				SWIFT_VERSION = 5.0;
				TARGETED_DEVICE_FAMILY = "1,2";
			};
			name = Release;
		};
		653585CE29387CE700F4A835 /* Debug */ = {
			isa = XCBuildConfiguration;
			baseConfigurationReference = 73750433CBA6A7C82B596A83 /* Pods-Stock CalculatorTests.debug.xcconfig */;
			buildSettings = {
				ALWAYS_EMBED_SWIFT_STANDARD_LIBRARIES = YES;
				BUNDLE_LOADER = "$(TEST_HOST)";
				CODE_SIGN_STYLE = Automatic;
				CURRENT_PROJECT_VERSION = 1;
				DEVELOPMENT_TEAM = U7J6A6CHGG;
				GENERATE_INFOPLIST_FILE = YES;
				IPHONEOS_DEPLOYMENT_TARGET = 16.1;
				MARKETING_VERSION = 1.0;
				PRODUCT_BUNDLE_IDENTIFIER = "derekkim.Stock-CalculatorTests";
				PRODUCT_NAME = "$(TARGET_NAME)";
				SWIFT_EMIT_LOC_STRINGS = NO;
				SWIFT_VERSION = 5.0;
				TARGETED_DEVICE_FAMILY = "1,2";
				TEST_HOST = "$(BUILT_PRODUCTS_DIR)/Stock Calculator.app/$(BUNDLE_EXECUTABLE_FOLDER_PATH)/Stock Calculator";
			};
			name = Debug;
		};
		653585CF29387CE700F4A835 /* Release */ = {
			isa = XCBuildConfiguration;
			baseConfigurationReference = 99C27F498A372980B1AE6746 /* Pods-Stock CalculatorTests.release.xcconfig */;
			buildSettings = {
				ALWAYS_EMBED_SWIFT_STANDARD_LIBRARIES = YES;
				BUNDLE_LOADER = "$(TEST_HOST)";
				CODE_SIGN_STYLE = Automatic;
				CURRENT_PROJECT_VERSION = 1;
				DEVELOPMENT_TEAM = U7J6A6CHGG;
				GENERATE_INFOPLIST_FILE = YES;
				IPHONEOS_DEPLOYMENT_TARGET = 16.1;
				MARKETING_VERSION = 1.0;
				PRODUCT_BUNDLE_IDENTIFIER = "derekkim.Stock-CalculatorTests";
				PRODUCT_NAME = "$(TARGET_NAME)";
				SWIFT_EMIT_LOC_STRINGS = NO;
				SWIFT_VERSION = 5.0;
				TARGETED_DEVICE_FAMILY = "1,2";
				TEST_HOST = "$(BUILT_PRODUCTS_DIR)/Stock Calculator.app/$(BUNDLE_EXECUTABLE_FOLDER_PATH)/Stock Calculator";
			};
			name = Release;
		};
		653585D129387CE700F4A835 /* Debug */ = {
			isa = XCBuildConfiguration;
			baseConfigurationReference = 77531D66D51B1E7D4D61730A /* Pods-Stock Calculator-Stock CalculatorUITests.debug.xcconfig */;
			buildSettings = {
				ALWAYS_EMBED_SWIFT_STANDARD_LIBRARIES = YES;
				CODE_SIGN_STYLE = Automatic;
				CURRENT_PROJECT_VERSION = 1;
				DEVELOPMENT_TEAM = U7J6A6CHGG;
				GENERATE_INFOPLIST_FILE = YES;
				MARKETING_VERSION = 1.0;
				PRODUCT_BUNDLE_IDENTIFIER = "derekkim.Stock-CalculatorUITests";
				PRODUCT_NAME = "$(TARGET_NAME)";
				SWIFT_EMIT_LOC_STRINGS = NO;
				SWIFT_VERSION = 5.0;
				TARGETED_DEVICE_FAMILY = "1,2";
				TEST_TARGET_NAME = "Stock Calculator";
			};
			name = Debug;
		};
		653585D229387CE700F4A835 /* Release */ = {
			isa = XCBuildConfiguration;
			baseConfigurationReference = EA3CDFCE83B5B7BE449D160A /* Pods-Stock Calculator-Stock CalculatorUITests.release.xcconfig */;
			buildSettings = {
				ALWAYS_EMBED_SWIFT_STANDARD_LIBRARIES = YES;
				CODE_SIGN_STYLE = Automatic;
				CURRENT_PROJECT_VERSION = 1;
				DEVELOPMENT_TEAM = U7J6A6CHGG;
				GENERATE_INFOPLIST_FILE = YES;
				MARKETING_VERSION = 1.0;
				PRODUCT_BUNDLE_IDENTIFIER = "derekkim.Stock-CalculatorUITests";
				PRODUCT_NAME = "$(TARGET_NAME)";
				SWIFT_EMIT_LOC_STRINGS = NO;
				SWIFT_VERSION = 5.0;
				TARGETED_DEVICE_FAMILY = "1,2";
				TEST_TARGET_NAME = "Stock Calculator";
			};
			name = Release;
		};
/* End XCBuildConfiguration section */

/* Begin XCConfigurationList section */
		653585A129387CE600F4A835 /* Build configuration list for PBXProject "Stock Calculator" */ = {
			isa = XCConfigurationList;
			buildConfigurations = (
				653585C829387CE700F4A835 /* Debug */,
				653585C929387CE700F4A835 /* Release */,
			);
			defaultConfigurationIsVisible = 0;
			defaultConfigurationName = Release;
		};
		653585CA29387CE700F4A835 /* Build configuration list for PBXNativeTarget "Stock Calculator" */ = {
			isa = XCConfigurationList;
			buildConfigurations = (
				653585CB29387CE700F4A835 /* Debug */,
				653585CC29387CE700F4A835 /* Release */,
			);
			defaultConfigurationIsVisible = 0;
			defaultConfigurationName = Release;
		};
		653585CD29387CE700F4A835 /* Build configuration list for PBXNativeTarget "Stock CalculatorTests" */ = {
			isa = XCConfigurationList;
			buildConfigurations = (
				653585CE29387CE700F4A835 /* Debug */,
				653585CF29387CE700F4A835 /* Release */,
			);
			defaultConfigurationIsVisible = 0;
			defaultConfigurationName = Release;
		};
		653585D029387CE700F4A835 /* Build configuration list for PBXNativeTarget "Stock CalculatorUITests" */ = {
			isa = XCConfigurationList;
			buildConfigurations = (
				653585D129387CE700F4A835 /* Debug */,
				653585D229387CE700F4A835 /* Release */,
			);
			defaultConfigurationIsVisible = 0;
			defaultConfigurationName = Release;
		};
/* End XCConfigurationList section */
	};
	rootObject = 6535859E29387CE600F4A835 /* Project object */;
}
